Microsoft Visual Studio Solution File, Format Version 12.00
# Visual Studio Version 17
VisualStudioVersion = 17.5.2.0
MinimumVisualStudioVersion = 10.0.40219.1
Project("{FAE04EC0-301F-11D3-BF4B-00C04F79EFBC}") = "67_AddBinary", "67_AddBinary.csproj", "{60F88BB5-B50B-396C-742D-2D92A136C3A5}"
EndProject
Global
	GlobalSection(SolutionConfigurationPlatforms) = preSolution
		Debug|Any CPU = Debug|Any CPU
		Release|Any CPU = Release|Any CPU
	EndGlobalSection
	GlobalSection(ProjectConfigurationPlatforms) = postSolution
		{60F88BB5-B50B-396C-742D-2D92A136C3A5}.Debug|Any CPU.ActiveCfg = Debug|Any CPU
		{60F88BB5-B50B-396C-742D-2D92A136C3A5}.Debug|Any CPU.Build.0 = Debug|Any CPU
		{60F88BB5-B50B-396C-742D-2D92A136C3A5}.Release|Any CPU.ActiveCfg = Release|Any CPU
		{60F88BB5-B50B-396C-742D-2D92A136C3A5}.Release|Any CPU.Build.0 = Release|Any CPU
	EndGlobalSection
	GlobalSection(SolutionProperties) = preSolution
		HideSolutionNode = FALSE
	EndGlobalSection
	GlobalSection(ExtensibilityGlobals) = postSolution
		SolutionGuid = {EA002F93-341A-4C02-9397-D47F3F8FA95C}
	EndGlobalSection
EndGlobal
